
Microsoft Visual Studio Solution File, Format Version 12.00
# Visual Studio Version 17
VisualStudioVersion = 17.2.32616.157
MinimumVisualStudioVersion = 10.0.40219.1
Project("{FAE04EC0-301F-11D3-BF4B-00C04F79EFBC}") = "SkinChangerRestyle", "SkinChangerRestyle\SkinChangerRestyle.csproj", "{2EF50C5A-2850-4A66-B116-FAB3DC199702}"
EndProject
Project("{8BC9CEB8-8B4A-11D0-8D11-00A0C91BC942}") = "InjectHelper", "InjectHelper\InjectHelper.vcxproj", "{8D4E1ACC-40C9-4FBA-B1A8-0FCE6E037D51}"
EndProject
Project("{8BC9CEB8-8B4A-11D0-8D11-00A0C91BC942}") = "TweakerOverlay", "TweakerOverlay\TweakerOverlay.vcxproj", "{25340F65-56EE-48FF-93D3-245F0AAB9970}"
EndProject
Project("{FAE04EC0-301F-11D3-BF4B-00C04F79EFBC}") = "Tweaker", "Tweaker\Tweaker.csproj", "{2757A5DE-8C3E-4301-AB20-33AC45D03D14}"
	ProjectSection(ProjectDependencies) = postProject
		{2C303375-A0D7-45AD-A067-045C8FCCC145} = {2C303375-A0D7-45AD-A067-045C8FCCC145}
	EndProjectSection
EndProject
Project("{FAE04EC0-301F-11D3-BF4B-00C04F79EFBC}") = "Tweaker.Core", "Tweaker.Core\Tweaker.Core.csproj", "{2C303375-A0D7-45AD-A067-045C8FCCC145}"
	ProjectSection(ProjectDependencies) = postProject
		{CAB1767C-CE5D-44AA-9979-8B63FEBBD9C4} = {CAB1767C-CE5D-44AA-9979-8B63FEBBD9C4}
	EndProjectSection
EndProject
Project("{8BC9CEB8-8B4A-11D0-8D11-00A0C91BC942}") = "Tweaker.Native", "Tweaker.Native\Tweaker.Native.vcxproj", "{CAB1767C-CE5D-44AA-9979-8B63FEBBD9C4}"
EndProject
Global
	GlobalSection(SolutionConfigurationPlatforms) = preSolution
		Debug|Any CPU = Debug|Any CPU
		Debug|x64 = Debug|x64
		Debug|x86 = Debug|x86
		Release|Any CPU = Release|Any CPU
		Release|x64 = Release|x64
		Release|x86 = Release|x86
		x64|Any CPU = x64|Any CPU
		x64|x64 = x64|x64
		x64|x86 = x64|x86
	EndGlobalSection
	GlobalSection(ProjectConfigurationPlatforms) = postSolution
		{2EF50C5A-2850-4A66-B116-FAB3DC199702}.Debug|Any CPU.ActiveCfg = Debug|Any CPU
		{2EF50C5A-2850-4A66-B116-FAB3DC199702}.Debug|Any CPU.Build.0 = Debug|Any CPU
		{2EF50C5A-2850-4A66-B116-FAB3DC199702}.Debug|x64.ActiveCfg = Debug|x64
		{2EF50C5A-2850-4A66-B116-FAB3DC199702}.Debug|x64.Build.0 = Debug|x64
		{2EF50C5A-2850-4A66-B116-FAB3DC199702}.Debug|x86.ActiveCfg = Debug|Any CPU
		{2EF50C5A-2850-4A66-B116-FAB3DC199702}.Debug|x86.Build.0 = Debug|Any CPU
		{2EF50C5A-2850-4A66-B116-FAB3DC199702}.Release|Any CPU.ActiveCfg = Release|Any CPU
		{2EF50C5A-2850-4A66-B116-FAB3DC199702}.Release|Any CPU.Build.0 = Release|Any CPU
		{2EF50C5A-2850-4A66-B116-FAB3DC199702}.Release|x64.ActiveCfg = Release|x64
		{2EF50C5A-2850-4A66-B116-FAB3DC199702}.Release|x64.Build.0 = Release|x64
		{2EF50C5A-2850-4A66-B116-FAB3DC199702}.Release|x86.ActiveCfg = Release|Any CPU
		{2EF50C5A-2850-4A66-B116-FAB3DC199702}.Release|x86.Build.0 = Release|Any CPU
		{2EF50C5A-2850-4A66-B116-FAB3DC199702}.x64|Any CPU.ActiveCfg = Debug|Any CPU
		{2EF50C5A-2850-4A66-B116-FAB3DC199702}.x64|Any CPU.Build.0 = Debug|Any CPU
		{2EF50C5A-2850-4A66-B116-FAB3DC199702}.x64|x64.ActiveCfg = Debug|Any CPU
		{2EF50C5A-2850-4A66-B116-FAB3DC199702}.x64|x64.Build.0 = Debug|Any CPU
		{2EF50C5A-2850-4A66-B116-FAB3DC199702}.x64|x86.ActiveCfg = Release|Any CPU
		{2EF50C5A-2850-4A66-B116-FAB3DC199702}.x64|x86.Build.0 = Release|Any CPU
		{8D4E1ACC-40C9-4FBA-B1A8-0FCE6E037D51}.Debug|Any CPU.ActiveCfg = Debug|Win32
		{8D4E1ACC-40C9-4FBA-B1A8-0FCE6E037D51}.Debug|Any CPU.Build.0 = Debug|Win32
		{8D4E1ACC-40C9-4FBA-B1A8-0FCE6E037D51}.Debug|x64.ActiveCfg = Debug|Win32
		{8D4E1ACC-40C9-4FBA-B1A8-0FCE6E037D51}.Debug|x64.Build.0 = Debug|Win32
		{8D4E1ACC-40C9-4FBA-B1A8-0FCE6E037D51}.Debug|x86.ActiveCfg = Debug|Win32
		{8D4E1ACC-40C9-4FBA-B1A8-0FCE6E037D51}.Debug|x86.Build.0 = Debug|Win32
		{8D4E1ACC-40C9-4FBA-B1A8-0FCE6E037D51}.Release|Any CPU.ActiveCfg = Release|Win32
		{8D4E1ACC-40C9-4FBA-B1A8-0FCE6E037D51}.Release|Any CPU.Build.0 = Release|Win32
		{8D4E1ACC-40C9-4FBA-B1A8-0FCE6E037D51}.Release|x64.ActiveCfg = Release|Win32
		{8D4E1ACC-40C9-4FBA-B1A8-0FCE6E037D51}.Release|x64.Build.0 = Release|Win32
		{8D4E1ACC-40C9-4FBA-B1A8-0FCE6E037D51}.Release|x86.ActiveCfg = Release|Win32
		{8D4E1ACC-40C9-4FBA-B1A8-0FCE6E037D51}.Release|x86.Build.0 = Release|Win32
		{8D4E1ACC-40C9-4FBA-B1A8-0FCE6E037D51}.x64|Any CPU.ActiveCfg = Debug|x64
		{8D4E1ACC-40C9-4FBA-B1A8-0FCE6E037D51}.x64|Any CPU.Build.0 = Debug|x64
		{8D4E1ACC-40C9-4FBA-B1A8-0FCE6E037D51}.x64|x64.ActiveCfg = Debug|x64
		{8D4E1ACC-40C9-4FBA-B1A8-0FCE6E037D51}.x64|x64.Build.0 = Debug|x64
		{8D4E1ACC-40C9-4FBA-B1A8-0FCE6E037D51}.x64|x86.ActiveCfg = Debug|Win32
		{8D4E1ACC-40C9-4FBA-B1A8-0FCE6E037D51}.x64|x86.Build.0 = Debug|Win32
		{25340F65-56EE-48FF-93D3-245F0AAB9970}.Debug|Any CPU.ActiveCfg = Debug|x64
		{25340F65-56EE-48FF-93D3-245F0AAB9970}.Debug|Any CPU.Build.0 = Debug|x64
		{25340F65-56EE-48FF-93D3-245F0AAB9970}.Debug|x64.ActiveCfg = Debug|x64
		{25340F65-56EE-48FF-93D3-245F0AAB9970}.Debug|x64.Build.0 = Debug|x64
		{25340F65-56EE-48FF-93D3-245F0AAB9970}.Debug|x86.ActiveCfg = Debug|Win32
		{25340F65-56EE-48FF-93D3-245F0AAB9970}.Debug|x86.Build.0 = Debug|Win32
		{25340F65-56EE-48FF-93D3-245F0AAB9970}.Release|Any CPU.ActiveCfg = Release|x64
		{25340F65-56EE-48FF-93D3-245F0AAB9970}.Release|Any CPU.Build.0 = Release|x64
		{25340F65-56EE-48FF-93D3-245F0AAB9970}.Release|x64.ActiveCfg = Release|x64
		{25340F65-56EE-48FF-93D3-245F0AAB9970}.Release|x64.Build.0 = Release|x64
		{25340F65-56EE-48FF-93D3-245F0AAB9970}.Release|x86.ActiveCfg = Release|Win32
		{25340F65-56EE-48FF-93D3-245F0AAB9970}.Release|x86.Build.0 = Release|Win32
		{25340F65-56EE-48FF-93D3-245F0AAB9970}.x64|Any CPU.ActiveCfg = Debug|x64
		{25340F65-56EE-48FF-93D3-245F0AAB9970}.x64|Any CPU.Build.0 = Debug|x64
		{25340F65-56EE-48FF-93D3-245F0AAB9970}.x64|x64.ActiveCfg = Debug|x64
		{25340F65-56EE-48FF-93D3-245F0AAB9970}.x64|x64.Build.0 = Debug|x64
		{25340F65-56EE-48FF-93D3-245F0AAB9970}.x64|x86.ActiveCfg = Debug|Win32
		{25340F65-56EE-48FF-93D3-245F0AAB9970}.x64|x86.Build.0 = Debug|Win32
		{2757A5DE-8C3E-4301-AB20-33AC45D03D14}.Debug|Any CPU.ActiveCfg = Debug|Any CPU
		{2757A5DE-8C3E-4301-AB20-33AC45D03D14}.Debug|Any CPU.Build.0 = Debug|Any CPU
		{2757A5DE-8C3E-4301-AB20-33AC45D03D14}.Debug|x64.ActiveCfg = Debug|Any CPU
		{2757A5DE-8C3E-4301-AB20-33AC45D03D14}.Debug|x64.Build.0 = Debug|Any CPU
		{2757A5DE-8C3E-4301-AB20-33AC45D03D14}.Debug|x86.ActiveCfg = Debug|Any CPU
		{2757A5DE-8C3E-4301-AB20-33AC45D03D14}.Debug|x86.Build.0 = Debug|Any CPU
		{2757A5DE-8C3E-4301-AB20-33AC45D03D14}.Release|Any CPU.ActiveCfg = Release|Any CPU
		{2757A5DE-8C3E-4301-AB20-33AC45D03D14}.Release|Any CPU.Build.0 = Release|Any CPU
		{2757A5DE-8C3E-4301-AB20-33AC45D03D14}.Release|x64.ActiveCfg = Release|Any CPU
		{2757A5DE-8C3E-4301-AB20-33AC45D03D14}.Release|x64.Build.0 = Release|Any CPU
		{2757A5DE-8C3E-4301-AB20-33AC45D03D14}.Release|x86.ActiveCfg = Release|Any CPU
		{2757A5DE-8C3E-4301-AB20-33AC45D03D14}.Release|x86.Build.0 = Release|Any CPU
		{2757A5DE-8C3E-4301-AB20-33AC45D03D14}.x64|Any CPU.ActiveCfg = Debug|Any CPU
		{2757A5DE-8C3E-4301-AB20-33AC45D03D14}.x64|Any CPU.Build.0 = Debug|Any CPU
		{2757A5DE-8C3E-4301-AB20-33AC45D03D14}.x64|x64.ActiveCfg = Debug|Any CPU
		{2757A5DE-8C3E-4301-AB20-33AC45D03D14}.x64|x64.Build.0 = Debug|Any CPU
		{2757A5DE-8C3E-4301-AB20-33AC45D03D14}.x64|x86.ActiveCfg = Debug|Any CPU
		{2757A5DE-8C3E-4301-AB20-33AC45D03D14}.x64|x86.Build.0 = Debug|Any CPU
		{2C303375-A0D7-45AD-A067-045C8FCCC145}.Debug|Any CPU.ActiveCfg = Debug|Any CPU
		{2C303375-A0D7-45AD-A067-045C8FCCC145}.Debug|Any CPU.Build.0 = Debug|Any CPU
		{2C303375-A0D7-45AD-A067-045C8FCCC145}.Debug|x64.ActiveCfg = Debug|Any CPU
		{2C303375-A0D7-45AD-A067-045C8FCCC145}.Debug|x64.Build.0 = Debug|Any CPU
		{2C303375-A0D7-45AD-A067-045C8FCCC145}.Debug|x86.ActiveCfg = Debug|Any CPU
		{2C303375-A0D7-45AD-A067-045C8FCCC145}.Debug|x86.Build.0 = Debug|Any CPU
		{2C303375-A0D7-45AD-A067-045C8FCCC145}.Release|Any CPU.ActiveCfg = Release|Any CPU
		{2C303375-A0D7-45AD-A067-045C8FCCC145}.Release|Any CPU.Build.0 = Release|Any CPU
		{2C303375-A0D7-45AD-A067-045C8FCCC145}.Release|x64.ActiveCfg = Release|Any CPU
		{2C303375-A0D7-45AD-A067-045C8FCCC145}.Release|x64.Build.0 = Release|Any CPU
		{2C303375-A0D7-45AD-A067-045C8FCCC145}.Release|x86.ActiveCfg = Release|Any CPU
		{2C303375-A0D7-45AD-A067-045C8FCCC145}.Release|x86.Build.0 = Release|Any CPU
		{2C303375-A0D7-45AD-A067-045C8FCCC145}.x64|Any CPU.ActiveCfg = Debug|Any CPU
		{2C303375-A0D7-45AD-A067-045C8FCCC145}.x64|Any CPU.Build.0 = Debug|Any CPU
		{2C303375-A0D7-45AD-A067-045C8FCCC145}.x64|x64.ActiveCfg = Debug|Any CPU
		{2C303375-A0D7-45AD-A067-045C8FCCC145}.x64|x64.Build.0 = Debug|Any CPU
		{2C303375-A0D7-45AD-A067-045C8FCCC145}.x64|x86.ActiveCfg = Debug|Any CPU
		{2C303375-A0D7-45AD-A067-045C8FCCC145}.x64|x86.Build.0 = Debug|Any CPU
		{CAB1767C-CE5D-44AA-9979-8B63FEBBD9C4}.Debug|Any CPU.ActiveCfg = Debug|x64
		{CAB1767C-CE5D-44AA-9979-8B63FEBBD9C4}.Debug|Any CPU.Build.0 = Debug|x64
		{CAB1767C-CE5D-44AA-9979-8B63FEBBD9C4}.Debug|x64.ActiveCfg = Debug|x64
		{CAB1767C-CE5D-44AA-9979-8B63FEBBD9C4}.Debug|x64.Build.0 = Debug|x64
		{CAB1767C-CE5D-44AA-9979-8B63FEBBD9C4}.Debug|x86.ActiveCfg = Debug|Win32
		{CAB1767C-CE5D-44AA-9979-8B63FEBBD9C4}.Debug|x86.Build.0 = Debug|Win32
		{CAB1767C-CE5D-44AA-9979-8B63FEBBD9C4}.Release|Any CPU.ActiveCfg = Release|x64
		{CAB1767C-CE5D-44AA-9979-8B63FEBBD9C4}.Release|Any CPU.Build.0 = Release|x64
		{CAB1767C-CE5D-44AA-9979-8B63FEBBD9C4}.Release|x64.ActiveCfg = Release|x64
		{CAB1767C-CE5D-44AA-9979-8B63FEBBD9C4}.Release|x64.Build.0 = Release|x64
		{CAB1767C-CE5D-44AA-9979-8B63FEBBD9C4}.Release|x86.ActiveCfg = Release|Win32
		{CAB1767C-CE5D-44AA-9979-8B63FEBBD9C4}.Release|x86.Build.0 = Release|Win32
		{CAB1767C-CE5D-44AA-9979-8B63FEBBD9C4}.x64|Any CPU.ActiveCfg = Debug|x64
		{CAB1767C-CE5D-44AA-9979-8B63FEBBD9C4}.x64|Any CPU.Build.0 = Debug|x64
		{CAB1767C-CE5D-44AA-9979-8B63FEBBD9C4}.x64|x64.ActiveCfg = Debug|x64
		{CAB1767C-CE5D-44AA-9979-8B63FEBBD9C4}.x64|x64.Build.0 = Debug|x64
		{CAB1767C-CE5D-44AA-9979-8B63FEBBD9C4}.x64|x86.ActiveCfg = Debug|Win32
		{CAB1767C-CE5D-44AA-9979-8B63FEBBD9C4}.x64|x86.Build.0 = Debug|Win32
	EndGlobalSection
	GlobalSection(SolutionProperties) = preSolution
		HideSolutionNode = FALSE
	EndGlobalSection
	GlobalSection(ExtensibilityGlobals) = postSolution
		SolutionGuid = {7C633CD5-B499-473E-9D86-4F15E2C1E5C0}
	EndGlobalSection
EndGlobal
