
Microsoft Visual Studio Solution File, Format Version 12.00
# Visual Studio Version 16
VisualStudioVersion = 16.0.30011.22
MinimumVisualStudioVersion = 10.0.40219.1
Project("{FAE04EC0-301F-11D3-BF4B-00C04F79EFBC}") = "Audiosurf SkinChanger", "Audiosurf SkinChanger\Audiosurf SkinChanger.csproj", "{1D5057C4-7558-452A-9CAF-27989FE730E4}"
EndProject
Project("{FAE04EC0-301F-11D3-BF4B-00C04F79EFBC}") = "Installer", "Installer\Installer.csproj", "{EA2DCF69-436E-4959-9085-A645491B2AFA}"
EndProject
Project("{FAE04EC0-301F-11D3-BF4B-00C04F79EFBC}") = "textpackctrl.Test", "textpackctrl.Test\textpackctrl.Test.csproj", "{8B8AF816-273F-4CE5-A53A-1521F755BDB3}"
EndProject
Project("{FAE04EC0-301F-11D3-BF4B-00C04F79EFBC}") = "textpackctrl", "textpackctrl\textpackctrl.csproj", "{27231428-42A6-43EC-8F0A-9F71726B2934}"
EndProject
Global
	GlobalSection(SolutionConfigurationPlatforms) = preSolution
		Debug|Any CPU = Debug|Any CPU
		Debug|x64 = Debug|x64
		Release|Any CPU = Release|Any CPU
		Release|x64 = Release|x64
		x64|Any CPU = x64|Any CPU
		x64|x64 = x64|x64
	EndGlobalSection
	GlobalSection(ProjectConfigurationPlatforms) = postSolution
		{1D5057C4-7558-452A-9CAF-27989FE730E4}.Debug|Any CPU.ActiveCfg = Debug|Any CPU
		{1D5057C4-7558-452A-9CAF-27989FE730E4}.Debug|Any CPU.Build.0 = Debug|Any CPU
		{1D5057C4-7558-452A-9CAF-27989FE730E4}.Debug|x64.ActiveCfg = Debug|x64
		{1D5057C4-7558-452A-9CAF-27989FE730E4}.Debug|x64.Build.0 = Debug|x64
		{1D5057C4-7558-452A-9CAF-27989FE730E4}.Release|Any CPU.ActiveCfg = Release|Any CPU
		{1D5057C4-7558-452A-9CAF-27989FE730E4}.Release|Any CPU.Build.0 = Release|Any CPU
		{1D5057C4-7558-452A-9CAF-27989FE730E4}.Release|x64.ActiveCfg = Release|x64
		{1D5057C4-7558-452A-9CAF-27989FE730E4}.Release|x64.Build.0 = Release|x64
		{1D5057C4-7558-452A-9CAF-27989FE730E4}.x64|Any CPU.ActiveCfg = x64|Any CPU
		{1D5057C4-7558-452A-9CAF-27989FE730E4}.x64|Any CPU.Build.0 = x64|Any CPU
		{1D5057C4-7558-452A-9CAF-27989FE730E4}.x64|x64.ActiveCfg = x64|x64
		{1D5057C4-7558-452A-9CAF-27989FE730E4}.x64|x64.Build.0 = x64|x64
		{EA2DCF69-436E-4959-9085-A645491B2AFA}.Debug|Any CPU.ActiveCfg = Debug|Any CPU
		{EA2DCF69-436E-4959-9085-A645491B2AFA}.Debug|Any CPU.Build.0 = Debug|Any CPU
		{EA2DCF69-436E-4959-9085-A645491B2AFA}.Debug|x64.ActiveCfg = Debug|Any CPU
		{EA2DCF69-436E-4959-9085-A645491B2AFA}.Debug|x64.Build.0 = Debug|Any CPU
		{EA2DCF69-436E-4959-9085-A645491B2AFA}.Release|Any CPU.ActiveCfg = Release|Any CPU
		{EA2DCF69-436E-4959-9085-A645491B2AFA}.Release|Any CPU.Build.0 = Release|Any CPU
		{EA2DCF69-436E-4959-9085-A645491B2AFA}.Release|x64.ActiveCfg = Release|Any CPU
		{EA2DCF69-436E-4959-9085-A645491B2AFA}.Release|x64.Build.0 = Release|Any CPU
		{EA2DCF69-436E-4959-9085-A645491B2AFA}.x64|Any CPU.ActiveCfg = Release|Any CPU
		{EA2DCF69-436E-4959-9085-A645491B2AFA}.x64|Any CPU.Build.0 = Release|Any CPU
		{EA2DCF69-436E-4959-9085-A645491B2AFA}.x64|x64.ActiveCfg = Release|Any CPU
		{EA2DCF69-436E-4959-9085-A645491B2AFA}.x64|x64.Build.0 = Release|Any CPU
		{8B8AF816-273F-4CE5-A53A-1521F755BDB3}.Debug|Any CPU.ActiveCfg = Debug|Any CPU
		{8B8AF816-273F-4CE5-A53A-1521F755BDB3}.Debug|Any CPU.Build.0 = Debug|Any CPU
		{8B8AF816-273F-4CE5-A53A-1521F755BDB3}.Debug|x64.ActiveCfg = Debug|Any CPU
		{8B8AF816-273F-4CE5-A53A-1521F755BDB3}.Debug|x64.Build.0 = Debug|Any CPU
		{8B8AF816-273F-4CE5-A53A-1521F755BDB3}.Release|Any CPU.ActiveCfg = Release|Any CPU
		{8B8AF816-273F-4CE5-A53A-1521F755BDB3}.Release|Any CPU.Build.0 = Release|Any CPU
		{8B8AF816-273F-4CE5-A53A-1521F755BDB3}.Release|x64.ActiveCfg = Release|Any CPU
		{8B8AF816-273F-4CE5-A53A-1521F755BDB3}.Release|x64.Build.0 = Release|Any CPU
		{8B8AF816-273F-4CE5-A53A-1521F755BDB3}.x64|Any CPU.ActiveCfg = Debug|Any CPU
		{8B8AF816-273F-4CE5-A53A-1521F755BDB3}.x64|Any CPU.Build.0 = Debug|Any CPU
		{8B8AF816-273F-4CE5-A53A-1521F755BDB3}.x64|x64.ActiveCfg = Debug|Any CPU
		{8B8AF816-273F-4CE5-A53A-1521F755BDB3}.x64|x64.Build.0 = Debug|Any CPU
		{27231428-42A6-43EC-8F0A-9F71726B2934}.Debug|Any CPU.ActiveCfg = Debug|Any CPU
		{27231428-42A6-43EC-8F0A-9F71726B2934}.Debug|Any CPU.Build.0 = Debug|Any CPU
		{27231428-42A6-43EC-8F0A-9F71726B2934}.Debug|x64.ActiveCfg = Debug|Any CPU
		{27231428-42A6-43EC-8F0A-9F71726B2934}.Debug|x64.Build.0 = Debug|Any CPU
		{27231428-42A6-43EC-8F0A-9F71726B2934}.Release|Any CPU.ActiveCfg = Release|Any CPU
		{27231428-42A6-43EC-8F0A-9F71726B2934}.Release|Any CPU.Build.0 = Release|Any CPU
		{27231428-42A6-43EC-8F0A-9F71726B2934}.Release|x64.ActiveCfg = Release|Any CPU
		{27231428-42A6-43EC-8F0A-9F71726B2934}.Release|x64.Build.0 = Release|Any CPU
		{27231428-42A6-43EC-8F0A-9F71726B2934}.x64|Any CPU.ActiveCfg = Debug|Any CPU
		{27231428-42A6-43EC-8F0A-9F71726B2934}.x64|Any CPU.Build.0 = Debug|Any CPU
		{27231428-42A6-43EC-8F0A-9F71726B2934}.x64|x64.ActiveCfg = Debug|Any CPU
		{27231428-42A6-43EC-8F0A-9F71726B2934}.x64|x64.Build.0 = Debug|Any CPU
	EndGlobalSection
	GlobalSection(SolutionProperties) = preSolution
		HideSolutionNode = FALSE
	EndGlobalSection
	GlobalSection(ExtensibilityGlobals) = postSolution
		SolutionGuid = {7C633CD5-B499-473E-9D86-4F15E2C1E5C0}
	EndGlobalSection
EndGlobal
