
Microsoft Visual Studio Solution File, Format Version 12.00
# Visual Studio Version 17
VisualStudioVersion = 17.2.32616.157
MinimumVisualStudioVersion = 10.0.40219.1
Project("{FAE04EC0-301F-11D3-BF4B-00C04F79EFBC}") = "Installer", "Installer\Installer.csproj", "{EA2DCF69-436E-4959-9085-A645491B2AFA}"
EndProject
Project("{FAE04EC0-301F-11D3-BF4B-00C04F79EFBC}") = "textpackctrl.Test", "textpackctrl.Test\textpackctrl.Test.csproj", "{8B8AF816-273F-4CE5-A53A-1521F755BDB3}"
EndProject
Project("{FAE04EC0-301F-11D3-BF4B-00C04F79EFBC}") = "textpackctrl", "textpackctrl\textpackctrl.csproj", "{27231428-42A6-43EC-8F0A-9F71726B2934}"
EndProject
Project("{FAE04EC0-301F-11D3-BF4B-00C04F79EFBC}") = "SkinChangerRestyle", "SkinChangerRestyle\SkinChangerRestyle.csproj", "{2EF50C5A-2850-4A66-B116-FAB3DC199702}"
EndProject
Project("{FAE04EC0-301F-11D3-BF4B-00C04F79EFBC}") = "ChangerAPI", "ChangerAPI\ChangerAPI.csproj", "{81019294-FF0F-4DF9-B6B2-8FD4F073C253}"
EndProject
Project("{FAE04EC0-301F-11D3-BF4B-00C04F79EFBC}") = "ASCommander", "ASCommander\ASCommander.csproj", "{D22FB897-36DC-4A33-8C79-FE9A50543773}"
EndProject
Project("{FAE04EC0-301F-11D3-BF4B-00C04F79EFBC}") = "QuickPlayerCore", "QuickPlayerCore\QuickPlayerCore.csproj", "{4BB9D821-AA5F-4A3B-8580-770D393E1B2E}"
EndProject
Project("{8BC9CEB8-8B4A-11D0-8D11-00A0C91BC942}") = "InternalOverlayRenderer", "InternalOverlayRenderer\InternalOverlayRenderer.vcxproj", "{9FCA4563-220C-4D7C-9465-2D40A14133BB}"
EndProject
Project("{8BC9CEB8-8B4A-11D0-8D11-00A0C91BC942}") = "InjectHelper", "InjectHelper\InjectHelper.vcxproj", "{8D4E1ACC-40C9-4FBA-B1A8-0FCE6E037D51}"
EndProject
Project("{FAE04EC0-301F-11D3-BF4B-00C04F79EFBC}") = "TweakerScriptsInterpreter.Tests", "TweakerScriptsInterpreter.Tests\TweakerScriptsInterpreter.Tests.csproj", "{31D58142-FE9C-401F-A862-EEF955BE9BBE}"
EndProject
Project("{FAE04EC0-301F-11D3-BF4B-00C04F79EFBC}") = "TweakerScriptInterpreter", "TweakerScriptsInterpreter\TweakerScriptInterpreter.csproj", "{B3E90AD5-B42F-4472-A3BF-98CC8A2FAACE}"
EndProject
Project("{FAE04EC0-301F-11D3-BF4B-00C04F79EFBC}") = "DiscordRichPresence", "DiscordRichPresence\DiscordRichPresence.csproj", "{07F5675F-A501-485F-B1D8-C15A95DA9615}"
EndProject
Project("{FAE04EC0-301F-11D3-BF4B-00C04F79EFBC}") = "Updater", "Updater\Updater.csproj", "{A2152361-38DE-46F5-BB87-BCA5A25067CE}"
EndProject
Global
	GlobalSection(SolutionConfigurationPlatforms) = preSolution
		Debug|Any CPU = Debug|Any CPU
		Debug|x64 = Debug|x64
		Debug|x86 = Debug|x86
		Release|Any CPU = Release|Any CPU
		Release|x64 = Release|x64
		Release|x86 = Release|x86
		x64|Any CPU = x64|Any CPU
		x64|x64 = x64|x64
		x64|x86 = x64|x86
	EndGlobalSection
	GlobalSection(ProjectConfigurationPlatforms) = postSolution
		{EA2DCF69-436E-4959-9085-A645491B2AFA}.Debug|Any CPU.ActiveCfg = Debug|Any CPU
		{EA2DCF69-436E-4959-9085-A645491B2AFA}.Debug|Any CPU.Build.0 = Debug|Any CPU
		{EA2DCF69-436E-4959-9085-A645491B2AFA}.Debug|x64.ActiveCfg = Debug|x64
		{EA2DCF69-436E-4959-9085-A645491B2AFA}.Debug|x64.Build.0 = Debug|x64
		{EA2DCF69-436E-4959-9085-A645491B2AFA}.Debug|x86.ActiveCfg = Debug|Any CPU
		{EA2DCF69-436E-4959-9085-A645491B2AFA}.Debug|x86.Build.0 = Debug|Any CPU
		{EA2DCF69-436E-4959-9085-A645491B2AFA}.Release|Any CPU.ActiveCfg = Release|Any CPU
		{EA2DCF69-436E-4959-9085-A645491B2AFA}.Release|Any CPU.Build.0 = Release|Any CPU
		{EA2DCF69-436E-4959-9085-A645491B2AFA}.Release|x64.ActiveCfg = Release|x64
		{EA2DCF69-436E-4959-9085-A645491B2AFA}.Release|x64.Build.0 = Release|x64
		{EA2DCF69-436E-4959-9085-A645491B2AFA}.Release|x86.ActiveCfg = Release|Any CPU
		{EA2DCF69-436E-4959-9085-A645491B2AFA}.Release|x86.Build.0 = Release|Any CPU
		{EA2DCF69-436E-4959-9085-A645491B2AFA}.x64|Any CPU.ActiveCfg = Release|Any CPU
		{EA2DCF69-436E-4959-9085-A645491B2AFA}.x64|Any CPU.Build.0 = Release|Any CPU
		{EA2DCF69-436E-4959-9085-A645491B2AFA}.x64|x64.ActiveCfg = Release|Any CPU
		{EA2DCF69-436E-4959-9085-A645491B2AFA}.x64|x64.Build.0 = Release|Any CPU
		{EA2DCF69-436E-4959-9085-A645491B2AFA}.x64|x86.ActiveCfg = Release|Any CPU
		{EA2DCF69-436E-4959-9085-A645491B2AFA}.x64|x86.Build.0 = Release|Any CPU
		{8B8AF816-273F-4CE5-A53A-1521F755BDB3}.Debug|Any CPU.ActiveCfg = Debug|Any CPU
		{8B8AF816-273F-4CE5-A53A-1521F755BDB3}.Debug|Any CPU.Build.0 = Debug|Any CPU
		{8B8AF816-273F-4CE5-A53A-1521F755BDB3}.Debug|x64.ActiveCfg = Debug|x64
		{8B8AF816-273F-4CE5-A53A-1521F755BDB3}.Debug|x64.Build.0 = Debug|x64
		{8B8AF816-273F-4CE5-A53A-1521F755BDB3}.Debug|x86.ActiveCfg = Debug|Any CPU
		{8B8AF816-273F-4CE5-A53A-1521F755BDB3}.Debug|x86.Build.0 = Debug|Any CPU
		{8B8AF816-273F-4CE5-A53A-1521F755BDB3}.Release|Any CPU.ActiveCfg = Release|Any CPU
		{8B8AF816-273F-4CE5-A53A-1521F755BDB3}.Release|Any CPU.Build.0 = Release|Any CPU
		{8B8AF816-273F-4CE5-A53A-1521F755BDB3}.Release|x64.ActiveCfg = Release|x64
		{8B8AF816-273F-4CE5-A53A-1521F755BDB3}.Release|x64.Build.0 = Release|x64
		{8B8AF816-273F-4CE5-A53A-1521F755BDB3}.Release|x86.ActiveCfg = Release|Any CPU
		{8B8AF816-273F-4CE5-A53A-1521F755BDB3}.Release|x86.Build.0 = Release|Any CPU
		{8B8AF816-273F-4CE5-A53A-1521F755BDB3}.x64|Any CPU.ActiveCfg = Debug|Any CPU
		{8B8AF816-273F-4CE5-A53A-1521F755BDB3}.x64|Any CPU.Build.0 = Debug|Any CPU
		{8B8AF816-273F-4CE5-A53A-1521F755BDB3}.x64|x64.ActiveCfg = Debug|Any CPU
		{8B8AF816-273F-4CE5-A53A-1521F755BDB3}.x64|x64.Build.0 = Debug|Any CPU
		{8B8AF816-273F-4CE5-A53A-1521F755BDB3}.x64|x86.ActiveCfg = Release|Any CPU
		{8B8AF816-273F-4CE5-A53A-1521F755BDB3}.x64|x86.Build.0 = Release|Any CPU
		{27231428-42A6-43EC-8F0A-9F71726B2934}.Debug|Any CPU.ActiveCfg = Debug|Any CPU
		{27231428-42A6-43EC-8F0A-9F71726B2934}.Debug|Any CPU.Build.0 = Debug|Any CPU
		{27231428-42A6-43EC-8F0A-9F71726B2934}.Debug|x64.ActiveCfg = Debug|x64
		{27231428-42A6-43EC-8F0A-9F71726B2934}.Debug|x64.Build.0 = Debug|x64
		{27231428-42A6-43EC-8F0A-9F71726B2934}.Debug|x86.ActiveCfg = Debug|Any CPU
		{27231428-42A6-43EC-8F0A-9F71726B2934}.Debug|x86.Build.0 = Debug|Any CPU
		{27231428-42A6-43EC-8F0A-9F71726B2934}.Release|Any CPU.ActiveCfg = Release|Any CPU
		{27231428-42A6-43EC-8F0A-9F71726B2934}.Release|Any CPU.Build.0 = Release|Any CPU
		{27231428-42A6-43EC-8F0A-9F71726B2934}.Release|x64.ActiveCfg = Release|x64
		{27231428-42A6-43EC-8F0A-9F71726B2934}.Release|x64.Build.0 = Release|x64
		{27231428-42A6-43EC-8F0A-9F71726B2934}.Release|x86.ActiveCfg = Release|Any CPU
		{27231428-42A6-43EC-8F0A-9F71726B2934}.Release|x86.Build.0 = Release|Any CPU
		{27231428-42A6-43EC-8F0A-9F71726B2934}.x64|Any CPU.ActiveCfg = Debug|Any CPU
		{27231428-42A6-43EC-8F0A-9F71726B2934}.x64|Any CPU.Build.0 = Debug|Any CPU
		{27231428-42A6-43EC-8F0A-9F71726B2934}.x64|x64.ActiveCfg = Debug|Any CPU
		{27231428-42A6-43EC-8F0A-9F71726B2934}.x64|x64.Build.0 = Debug|Any CPU
		{27231428-42A6-43EC-8F0A-9F71726B2934}.x64|x86.ActiveCfg = Release|Any CPU
		{27231428-42A6-43EC-8F0A-9F71726B2934}.x64|x86.Build.0 = Release|Any CPU
		{2EF50C5A-2850-4A66-B116-FAB3DC199702}.Debug|Any CPU.ActiveCfg = Debug|Any CPU
		{2EF50C5A-2850-4A66-B116-FAB3DC199702}.Debug|Any CPU.Build.0 = Debug|Any CPU
		{2EF50C5A-2850-4A66-B116-FAB3DC199702}.Debug|x64.ActiveCfg = Debug|x64
		{2EF50C5A-2850-4A66-B116-FAB3DC199702}.Debug|x64.Build.0 = Debug|x64
		{2EF50C5A-2850-4A66-B116-FAB3DC199702}.Debug|x86.ActiveCfg = Debug|Any CPU
		{2EF50C5A-2850-4A66-B116-FAB3DC199702}.Debug|x86.Build.0 = Debug|Any CPU
		{2EF50C5A-2850-4A66-B116-FAB3DC199702}.Release|Any CPU.ActiveCfg = Release|Any CPU
		{2EF50C5A-2850-4A66-B116-FAB3DC199702}.Release|Any CPU.Build.0 = Release|Any CPU
		{2EF50C5A-2850-4A66-B116-FAB3DC199702}.Release|x64.ActiveCfg = Release|x64
		{2EF50C5A-2850-4A66-B116-FAB3DC199702}.Release|x64.Build.0 = Release|x64
		{2EF50C5A-2850-4A66-B116-FAB3DC199702}.Release|x86.ActiveCfg = Release|Any CPU
		{2EF50C5A-2850-4A66-B116-FAB3DC199702}.Release|x86.Build.0 = Release|Any CPU
		{2EF50C5A-2850-4A66-B116-FAB3DC199702}.x64|Any CPU.ActiveCfg = Debug|Any CPU
		{2EF50C5A-2850-4A66-B116-FAB3DC199702}.x64|Any CPU.Build.0 = Debug|Any CPU
		{2EF50C5A-2850-4A66-B116-FAB3DC199702}.x64|x64.ActiveCfg = Debug|Any CPU
		{2EF50C5A-2850-4A66-B116-FAB3DC199702}.x64|x64.Build.0 = Debug|Any CPU
		{2EF50C5A-2850-4A66-B116-FAB3DC199702}.x64|x86.ActiveCfg = Release|Any CPU
		{2EF50C5A-2850-4A66-B116-FAB3DC199702}.x64|x86.Build.0 = Release|Any CPU
		{81019294-FF0F-4DF9-B6B2-8FD4F073C253}.Debug|Any CPU.ActiveCfg = Debug|Any CPU
		{81019294-FF0F-4DF9-B6B2-8FD4F073C253}.Debug|Any CPU.Build.0 = Debug|Any CPU
		{81019294-FF0F-4DF9-B6B2-8FD4F073C253}.Debug|x64.ActiveCfg = Debug|x64
		{81019294-FF0F-4DF9-B6B2-8FD4F073C253}.Debug|x64.Build.0 = Debug|x64
		{81019294-FF0F-4DF9-B6B2-8FD4F073C253}.Debug|x86.ActiveCfg = Debug|Any CPU
		{81019294-FF0F-4DF9-B6B2-8FD4F073C253}.Debug|x86.Build.0 = Debug|Any CPU
		{81019294-FF0F-4DF9-B6B2-8FD4F073C253}.Release|Any CPU.ActiveCfg = Release|Any CPU
		{81019294-FF0F-4DF9-B6B2-8FD4F073C253}.Release|Any CPU.Build.0 = Release|Any CPU
		{81019294-FF0F-4DF9-B6B2-8FD4F073C253}.Release|x64.ActiveCfg = Release|x64
		{81019294-FF0F-4DF9-B6B2-8FD4F073C253}.Release|x64.Build.0 = Release|x64
		{81019294-FF0F-4DF9-B6B2-8FD4F073C253}.Release|x86.ActiveCfg = Release|Any CPU
		{81019294-FF0F-4DF9-B6B2-8FD4F073C253}.Release|x86.Build.0 = Release|Any CPU
		{81019294-FF0F-4DF9-B6B2-8FD4F073C253}.x64|Any CPU.ActiveCfg = Debug|Any CPU
		{81019294-FF0F-4DF9-B6B2-8FD4F073C253}.x64|Any CPU.Build.0 = Debug|Any CPU
		{81019294-FF0F-4DF9-B6B2-8FD4F073C253}.x64|x64.ActiveCfg = Debug|Any CPU
		{81019294-FF0F-4DF9-B6B2-8FD4F073C253}.x64|x64.Build.0 = Debug|Any CPU
		{81019294-FF0F-4DF9-B6B2-8FD4F073C253}.x64|x86.ActiveCfg = Release|Any CPU
		{81019294-FF0F-4DF9-B6B2-8FD4F073C253}.x64|x86.Build.0 = Release|Any CPU
		{D22FB897-36DC-4A33-8C79-FE9A50543773}.Debug|Any CPU.ActiveCfg = Debug|Any CPU
		{D22FB897-36DC-4A33-8C79-FE9A50543773}.Debug|Any CPU.Build.0 = Debug|Any CPU
		{D22FB897-36DC-4A33-8C79-FE9A50543773}.Debug|x64.ActiveCfg = Debug|x64
		{D22FB897-36DC-4A33-8C79-FE9A50543773}.Debug|x64.Build.0 = Debug|x64
		{D22FB897-36DC-4A33-8C79-FE9A50543773}.Debug|x86.ActiveCfg = Debug|Any CPU
		{D22FB897-36DC-4A33-8C79-FE9A50543773}.Debug|x86.Build.0 = Debug|Any CPU
		{D22FB897-36DC-4A33-8C79-FE9A50543773}.Release|Any CPU.ActiveCfg = Release|Any CPU
		{D22FB897-36DC-4A33-8C79-FE9A50543773}.Release|Any CPU.Build.0 = Release|Any CPU
		{D22FB897-36DC-4A33-8C79-FE9A50543773}.Release|x64.ActiveCfg = Release|x64
		{D22FB897-36DC-4A33-8C79-FE9A50543773}.Release|x64.Build.0 = Release|x64
		{D22FB897-36DC-4A33-8C79-FE9A50543773}.Release|x86.ActiveCfg = Release|Any CPU
		{D22FB897-36DC-4A33-8C79-FE9A50543773}.Release|x86.Build.0 = Release|Any CPU
		{D22FB897-36DC-4A33-8C79-FE9A50543773}.x64|Any CPU.ActiveCfg = Debug|Any CPU
		{D22FB897-36DC-4A33-8C79-FE9A50543773}.x64|Any CPU.Build.0 = Debug|Any CPU
		{D22FB897-36DC-4A33-8C79-FE9A50543773}.x64|x64.ActiveCfg = Debug|Any CPU
		{D22FB897-36DC-4A33-8C79-FE9A50543773}.x64|x64.Build.0 = Debug|Any CPU
		{D22FB897-36DC-4A33-8C79-FE9A50543773}.x64|x86.ActiveCfg = Release|Any CPU
		{D22FB897-36DC-4A33-8C79-FE9A50543773}.x64|x86.Build.0 = Release|Any CPU
		{4BB9D821-AA5F-4A3B-8580-770D393E1B2E}.Debug|Any CPU.ActiveCfg = Debug|Any CPU
		{4BB9D821-AA5F-4A3B-8580-770D393E1B2E}.Debug|Any CPU.Build.0 = Debug|Any CPU
		{4BB9D821-AA5F-4A3B-8580-770D393E1B2E}.Debug|x64.ActiveCfg = Debug|Any CPU
		{4BB9D821-AA5F-4A3B-8580-770D393E1B2E}.Debug|x64.Build.0 = Debug|Any CPU
		{4BB9D821-AA5F-4A3B-8580-770D393E1B2E}.Debug|x86.ActiveCfg = Debug|Any CPU
		{4BB9D821-AA5F-4A3B-8580-770D393E1B2E}.Debug|x86.Build.0 = Debug|Any CPU
		{4BB9D821-AA5F-4A3B-8580-770D393E1B2E}.Release|Any CPU.ActiveCfg = Release|Any CPU
		{4BB9D821-AA5F-4A3B-8580-770D393E1B2E}.Release|Any CPU.Build.0 = Release|Any CPU
		{4BB9D821-AA5F-4A3B-8580-770D393E1B2E}.Release|x64.ActiveCfg = Release|x64
		{4BB9D821-AA5F-4A3B-8580-770D393E1B2E}.Release|x64.Build.0 = Release|x64
		{4BB9D821-AA5F-4A3B-8580-770D393E1B2E}.Release|x86.ActiveCfg = Release|Any CPU
		{4BB9D821-AA5F-4A3B-8580-770D393E1B2E}.Release|x86.Build.0 = Release|Any CPU
		{4BB9D821-AA5F-4A3B-8580-770D393E1B2E}.x64|Any CPU.ActiveCfg = Debug|Any CPU
		{4BB9D821-AA5F-4A3B-8580-770D393E1B2E}.x64|Any CPU.Build.0 = Debug|Any CPU
		{4BB9D821-AA5F-4A3B-8580-770D393E1B2E}.x64|x64.ActiveCfg = Debug|Any CPU
		{4BB9D821-AA5F-4A3B-8580-770D393E1B2E}.x64|x64.Build.0 = Debug|Any CPU
		{4BB9D821-AA5F-4A3B-8580-770D393E1B2E}.x64|x86.ActiveCfg = Release|Any CPU
		{4BB9D821-AA5F-4A3B-8580-770D393E1B2E}.x64|x86.Build.0 = Release|Any CPU
		{9FCA4563-220C-4D7C-9465-2D40A14133BB}.Debug|Any CPU.ActiveCfg = Debug|Win32
		{9FCA4563-220C-4D7C-9465-2D40A14133BB}.Debug|Any CPU.Build.0 = Debug|Win32
		{9FCA4563-220C-4D7C-9465-2D40A14133BB}.Debug|x64.ActiveCfg = Debug|Win32
		{9FCA4563-220C-4D7C-9465-2D40A14133BB}.Debug|x64.Build.0 = Debug|Win32
		{9FCA4563-220C-4D7C-9465-2D40A14133BB}.Debug|x86.ActiveCfg = Debug|Win32
		{9FCA4563-220C-4D7C-9465-2D40A14133BB}.Debug|x86.Build.0 = Debug|Win32
		{9FCA4563-220C-4D7C-9465-2D40A14133BB}.Release|Any CPU.ActiveCfg = Release|Win32
		{9FCA4563-220C-4D7C-9465-2D40A14133BB}.Release|Any CPU.Build.0 = Release|Win32
		{9FCA4563-220C-4D7C-9465-2D40A14133BB}.Release|x64.ActiveCfg = Release|Win32
		{9FCA4563-220C-4D7C-9465-2D40A14133BB}.Release|x64.Build.0 = Release|Win32
		{9FCA4563-220C-4D7C-9465-2D40A14133BB}.Release|x86.ActiveCfg = Release|Win32
		{9FCA4563-220C-4D7C-9465-2D40A14133BB}.Release|x86.Build.0 = Release|Win32
		{9FCA4563-220C-4D7C-9465-2D40A14133BB}.x64|Any CPU.ActiveCfg = Debug|x64
		{9FCA4563-220C-4D7C-9465-2D40A14133BB}.x64|Any CPU.Build.0 = Debug|x64
		{9FCA4563-220C-4D7C-9465-2D40A14133BB}.x64|x64.ActiveCfg = Debug|x64
		{9FCA4563-220C-4D7C-9465-2D40A14133BB}.x64|x64.Build.0 = Debug|x64
		{9FCA4563-220C-4D7C-9465-2D40A14133BB}.x64|x86.ActiveCfg = Debug|Win32
		{9FCA4563-220C-4D7C-9465-2D40A14133BB}.x64|x86.Build.0 = Debug|Win32
		{8D4E1ACC-40C9-4FBA-B1A8-0FCE6E037D51}.Debug|Any CPU.ActiveCfg = Debug|Win32
		{8D4E1ACC-40C9-4FBA-B1A8-0FCE6E037D51}.Debug|Any CPU.Build.0 = Debug|Win32
		{8D4E1ACC-40C9-4FBA-B1A8-0FCE6E037D51}.Debug|x64.ActiveCfg = Debug|Win32
		{8D4E1ACC-40C9-4FBA-B1A8-0FCE6E037D51}.Debug|x64.Build.0 = Debug|Win32
		{8D4E1ACC-40C9-4FBA-B1A8-0FCE6E037D51}.Debug|x86.ActiveCfg = Debug|Win32
		{8D4E1ACC-40C9-4FBA-B1A8-0FCE6E037D51}.Debug|x86.Build.0 = Debug|Win32
		{8D4E1ACC-40C9-4FBA-B1A8-0FCE6E037D51}.Release|Any CPU.ActiveCfg = Release|Win32
		{8D4E1ACC-40C9-4FBA-B1A8-0FCE6E037D51}.Release|Any CPU.Build.0 = Release|Win32
		{8D4E1ACC-40C9-4FBA-B1A8-0FCE6E037D51}.Release|x64.ActiveCfg = Release|Win32
		{8D4E1ACC-40C9-4FBA-B1A8-0FCE6E037D51}.Release|x64.Build.0 = Release|Win32
		{8D4E1ACC-40C9-4FBA-B1A8-0FCE6E037D51}.Release|x86.ActiveCfg = Release|Win32
		{8D4E1ACC-40C9-4FBA-B1A8-0FCE6E037D51}.Release|x86.Build.0 = Release|Win32
		{8D4E1ACC-40C9-4FBA-B1A8-0FCE6E037D51}.x64|Any CPU.ActiveCfg = Debug|x64
		{8D4E1ACC-40C9-4FBA-B1A8-0FCE6E037D51}.x64|Any CPU.Build.0 = Debug|x64
		{8D4E1ACC-40C9-4FBA-B1A8-0FCE6E037D51}.x64|x64.ActiveCfg = Debug|x64
		{8D4E1ACC-40C9-4FBA-B1A8-0FCE6E037D51}.x64|x64.Build.0 = Debug|x64
		{8D4E1ACC-40C9-4FBA-B1A8-0FCE6E037D51}.x64|x86.ActiveCfg = Debug|Win32
		{8D4E1ACC-40C9-4FBA-B1A8-0FCE6E037D51}.x64|x86.Build.0 = Debug|Win32
		{31D58142-FE9C-401F-A862-EEF955BE9BBE}.Debug|Any CPU.ActiveCfg = Debug|Any CPU
		{31D58142-FE9C-401F-A862-EEF955BE9BBE}.Debug|Any CPU.Build.0 = Debug|Any CPU
		{31D58142-FE9C-401F-A862-EEF955BE9BBE}.Debug|x64.ActiveCfg = Debug|Any CPU
		{31D58142-FE9C-401F-A862-EEF955BE9BBE}.Debug|x64.Build.0 = Debug|Any CPU
		{31D58142-FE9C-401F-A862-EEF955BE9BBE}.Debug|x86.ActiveCfg = Debug|Any CPU
		{31D58142-FE9C-401F-A862-EEF955BE9BBE}.Debug|x86.Build.0 = Debug|Any CPU
		{31D58142-FE9C-401F-A862-EEF955BE9BBE}.Release|Any CPU.ActiveCfg = Release|Any CPU
		{31D58142-FE9C-401F-A862-EEF955BE9BBE}.Release|Any CPU.Build.0 = Release|Any CPU
		{31D58142-FE9C-401F-A862-EEF955BE9BBE}.Release|x64.ActiveCfg = Release|Any CPU
		{31D58142-FE9C-401F-A862-EEF955BE9BBE}.Release|x64.Build.0 = Release|Any CPU
		{31D58142-FE9C-401F-A862-EEF955BE9BBE}.Release|x86.ActiveCfg = Release|Any CPU
		{31D58142-FE9C-401F-A862-EEF955BE9BBE}.Release|x86.Build.0 = Release|Any CPU
		{31D58142-FE9C-401F-A862-EEF955BE9BBE}.x64|Any CPU.ActiveCfg = Debug|Any CPU
		{31D58142-FE9C-401F-A862-EEF955BE9BBE}.x64|Any CPU.Build.0 = Debug|Any CPU
		{31D58142-FE9C-401F-A862-EEF955BE9BBE}.x64|x64.ActiveCfg = Debug|Any CPU
		{31D58142-FE9C-401F-A862-EEF955BE9BBE}.x64|x64.Build.0 = Debug|Any CPU
		{31D58142-FE9C-401F-A862-EEF955BE9BBE}.x64|x86.ActiveCfg = Debug|Any CPU
		{31D58142-FE9C-401F-A862-EEF955BE9BBE}.x64|x86.Build.0 = Debug|Any CPU
		{B3E90AD5-B42F-4472-A3BF-98CC8A2FAACE}.Debug|Any CPU.ActiveCfg = Debug|Any CPU
		{B3E90AD5-B42F-4472-A3BF-98CC8A2FAACE}.Debug|Any CPU.Build.0 = Debug|Any CPU
		{B3E90AD5-B42F-4472-A3BF-98CC8A2FAACE}.Debug|x64.ActiveCfg = Debug|Any CPU
		{B3E90AD5-B42F-4472-A3BF-98CC8A2FAACE}.Debug|x64.Build.0 = Debug|Any CPU
		{B3E90AD5-B42F-4472-A3BF-98CC8A2FAACE}.Debug|x86.ActiveCfg = Debug|Any CPU
		{B3E90AD5-B42F-4472-A3BF-98CC8A2FAACE}.Debug|x86.Build.0 = Debug|Any CPU
		{B3E90AD5-B42F-4472-A3BF-98CC8A2FAACE}.Release|Any CPU.ActiveCfg = Release|Any CPU
		{B3E90AD5-B42F-4472-A3BF-98CC8A2FAACE}.Release|Any CPU.Build.0 = Release|Any CPU
		{B3E90AD5-B42F-4472-A3BF-98CC8A2FAACE}.Release|x64.ActiveCfg = Release|Any CPU
		{B3E90AD5-B42F-4472-A3BF-98CC8A2FAACE}.Release|x64.Build.0 = Release|Any CPU
		{B3E90AD5-B42F-4472-A3BF-98CC8A2FAACE}.Release|x86.ActiveCfg = Release|Any CPU
		{B3E90AD5-B42F-4472-A3BF-98CC8A2FAACE}.Release|x86.Build.0 = Release|Any CPU
		{B3E90AD5-B42F-4472-A3BF-98CC8A2FAACE}.x64|Any CPU.ActiveCfg = Debug|Any CPU
		{B3E90AD5-B42F-4472-A3BF-98CC8A2FAACE}.x64|Any CPU.Build.0 = Debug|Any CPU
		{B3E90AD5-B42F-4472-A3BF-98CC8A2FAACE}.x64|x64.ActiveCfg = Debug|Any CPU
		{B3E90AD5-B42F-4472-A3BF-98CC8A2FAACE}.x64|x64.Build.0 = Debug|Any CPU
		{B3E90AD5-B42F-4472-A3BF-98CC8A2FAACE}.x64|x86.ActiveCfg = Debug|Any CPU
		{B3E90AD5-B42F-4472-A3BF-98CC8A2FAACE}.x64|x86.Build.0 = Debug|Any CPU
		{07F5675F-A501-485F-B1D8-C15A95DA9615}.Debug|Any CPU.ActiveCfg = Debug|Any CPU
		{07F5675F-A501-485F-B1D8-C15A95DA9615}.Debug|Any CPU.Build.0 = Debug|Any CPU
		{07F5675F-A501-485F-B1D8-C15A95DA9615}.Debug|x64.ActiveCfg = Debug|Any CPU
		{07F5675F-A501-485F-B1D8-C15A95DA9615}.Debug|x64.Build.0 = Debug|Any CPU
		{07F5675F-A501-485F-B1D8-C15A95DA9615}.Debug|x86.ActiveCfg = Debug|Any CPU
		{07F5675F-A501-485F-B1D8-C15A95DA9615}.Debug|x86.Build.0 = Debug|Any CPU
		{07F5675F-A501-485F-B1D8-C15A95DA9615}.Release|Any CPU.ActiveCfg = Release|Any CPU
		{07F5675F-A501-485F-B1D8-C15A95DA9615}.Release|Any CPU.Build.0 = Release|Any CPU
		{07F5675F-A501-485F-B1D8-C15A95DA9615}.Release|x64.ActiveCfg = Release|Any CPU
		{07F5675F-A501-485F-B1D8-C15A95DA9615}.Release|x64.Build.0 = Release|Any CPU
		{07F5675F-A501-485F-B1D8-C15A95DA9615}.Release|x86.ActiveCfg = Release|Any CPU
		{07F5675F-A501-485F-B1D8-C15A95DA9615}.Release|x86.Build.0 = Release|Any CPU
		{07F5675F-A501-485F-B1D8-C15A95DA9615}.x64|Any CPU.ActiveCfg = Debug|Any CPU
		{07F5675F-A501-485F-B1D8-C15A95DA9615}.x64|Any CPU.Build.0 = Debug|Any CPU
		{07F5675F-A501-485F-B1D8-C15A95DA9615}.x64|x64.ActiveCfg = Debug|Any CPU
		{07F5675F-A501-485F-B1D8-C15A95DA9615}.x64|x64.Build.0 = Debug|Any CPU
		{07F5675F-A501-485F-B1D8-C15A95DA9615}.x64|x86.ActiveCfg = Debug|Any CPU
		{07F5675F-A501-485F-B1D8-C15A95DA9615}.x64|x86.Build.0 = Debug|Any CPU
		{A2152361-38DE-46F5-BB87-BCA5A25067CE}.Debug|Any CPU.ActiveCfg = Debug|Any CPU
		{A2152361-38DE-46F5-BB87-BCA5A25067CE}.Debug|Any CPU.Build.0 = Debug|Any CPU
		{A2152361-38DE-46F5-BB87-BCA5A25067CE}.Debug|x64.ActiveCfg = Debug|Any CPU
		{A2152361-38DE-46F5-BB87-BCA5A25067CE}.Debug|x64.Build.0 = Debug|Any CPU
		{A2152361-38DE-46F5-BB87-BCA5A25067CE}.Debug|x86.ActiveCfg = Debug|Any CPU
		{A2152361-38DE-46F5-BB87-BCA5A25067CE}.Debug|x86.Build.0 = Debug|Any CPU
		{A2152361-38DE-46F5-BB87-BCA5A25067CE}.Release|Any CPU.ActiveCfg = Release|Any CPU
		{A2152361-38DE-46F5-BB87-BCA5A25067CE}.Release|Any CPU.Build.0 = Release|Any CPU
		{A2152361-38DE-46F5-BB87-BCA5A25067CE}.Release|x64.ActiveCfg = Release|Any CPU
		{A2152361-38DE-46F5-BB87-BCA5A25067CE}.Release|x64.Build.0 = Release|Any CPU
		{A2152361-38DE-46F5-BB87-BCA5A25067CE}.Release|x86.ActiveCfg = Release|Any CPU
		{A2152361-38DE-46F5-BB87-BCA5A25067CE}.Release|x86.Build.0 = Release|Any CPU
		{A2152361-38DE-46F5-BB87-BCA5A25067CE}.x64|Any CPU.ActiveCfg = Debug|Any CPU
		{A2152361-38DE-46F5-BB87-BCA5A25067CE}.x64|Any CPU.Build.0 = Debug|Any CPU
		{A2152361-38DE-46F5-BB87-BCA5A25067CE}.x64|x64.ActiveCfg = Debug|Any CPU
		{A2152361-38DE-46F5-BB87-BCA5A25067CE}.x64|x64.Build.0 = Debug|Any CPU
		{A2152361-38DE-46F5-BB87-BCA5A25067CE}.x64|x86.ActiveCfg = Debug|Any CPU
		{A2152361-38DE-46F5-BB87-BCA5A25067CE}.x64|x86.Build.0 = Debug|Any CPU
	EndGlobalSection
	GlobalSection(SolutionProperties) = preSolution
		HideSolutionNode = FALSE
	EndGlobalSection
	GlobalSection(ExtensibilityGlobals) = postSolution
		SolutionGuid = {7C633CD5-B499-473E-9D86-4F15E2C1E5C0}
	EndGlobalSection
EndGlobal
