<?xml version="1.0" encoding="utf-8"?>
<Project ToolsVersion="4.0" xmlns="http://schemas.microsoft.com/developer/msbuild/2003">
  <ItemGroup>
    <Filter Include="3rd">
      <UniqueIdentifier>{0c8ace0d-2ebe-4450-87db-4e12a504e7f1}</UniqueIdentifier>
    </Filter>
    <Filter Include="Sources">
      <UniqueIdentifier>{4FC737F1-C7A5-4376-A066-2A32D752A2FF}</UniqueIdentifier>
      <Extensions>cpp;c;cc;cxx;c++;cppm;ixx;def;odl;idl;hpj;bat;asm;asmx</Extensions>
    </Filter>
    <Filter Include="Headers">
      <UniqueIdentifier>{93995380-89BD-4b04-88EB-625FBE52EBFB}</UniqueIdentifier>
      <Extensions>h;hh;hpp;hxx;h++;hm;inl;inc;ipp;xsd</Extensions>
    </Filter>
    <Filter Include="Resources">
      <UniqueIdentifier>{67DA6AB6-F800-4c08-8B7A-83BB121AAD01}</UniqueIdentifier>
      <Extensions>rc;ico;cur;bmp;dlg;rc2;rct;bin;rgs;gif;jpg;jpeg;jpe;resx;tiff;tif;png;wav;mfcribbon-ms</Extensions>
    </Filter>
    <Filter Include="3rd\Include">
      <UniqueIdentifier>{7ad1b7d6-720e-4875-80aa-91de73f9fb98}</UniqueIdentifier>
    </Filter>
    <Filter Include="3rd\Src">
      <UniqueIdentifier>{0beab7e0-a4c1-4463-8021-757dd29f063c}</UniqueIdentifier>
    </Filter>
  </ItemGroup>
  <ItemGroup>
    <ClInclude Include="stb_image_write.h">
      <Filter>3rd\Include</Filter>
    </ClInclude>
    <ClInclude Include="stb_image.h">
      <Filter>3rd\Include</Filter>
    </ClInclude>
    <ClInclude Include="image_processing.h">
      <Filter>Headers</Filter>
    </ClInclude>
  </ItemGroup>
  <ItemGroup>
    <ClCompile Include="image_processing.c">
      <Filter>Sources</Filter>
    </ClCompile>
  </ItemGroup>
</Project>